// !$*UTF8*$!
{
	archiveVersion = 1;
	classes = {
	};
	objectVersion = 50;
	objects = {

/* Begin PBXBuildFile section */
		B318BA8925339DA7003AB549 /* AppDelegate.swift in Sources */ = {isa = PBXBuildFile; fileRef = B318BA8825339DA7003AB549 /* AppDelegate.swift */; };
		B318BA8B25339DA7003AB549 /* SceneDelegate.swift in Sources */ = {isa = PBXBuildFile; fileRef = B318BA8A25339DA7003AB549 /* SceneDelegate.swift */; };
		B318BA8D25339DA7003AB549 /* ViewController.swift in Sources */ = {isa = PBXBuildFile; fileRef = B318BA8C25339DA7003AB549 /* ViewController.swift */; };
		B318BA9025339DA7003AB549 /* Main.storyboard in Resources */ = {isa = PBXBuildFile; fileRef = B318BA8E25339DA7003AB549 /* Main.storyboard */; };
		B318BA9225339DA9003AB549 /* Assets.xcassets in Resources */ = {isa = PBXBuildFile; fileRef = B318BA9125339DA9003AB549 /* Assets.xcassets */; };
		B318BA9525339DA9003AB549 /* LaunchScreen.storyboard in Resources */ = {isa = PBXBuildFile; fileRef = B318BA9325339DA9003AB549 /* LaunchScreen.storyboard */; };
		B318BAA025339DA9003AB549 /* Apple_PieTests.swift in Sources */ = {isa = PBXBuildFile; fileRef = B318BA9F25339DA9003AB549 /* Apple_PieTests.swift */; };
		B318BAAB25339DA9003AB549 /* Apple_PieUITests.swift in Sources */ = {isa = PBXBuildFile; fileRef = B318BAAA25339DA9003AB549 /* Apple_PieUITests.swift */; };
/* End PBXBuildFile section */

/* Begin PBXContainerItemProxy section */
		B318BA9C25339DA9003AB549 /* PBXContainerItemProxy */ = {
			isa = PBXContainerItemProxy;
			containerPortal = B318BA7D25339DA7003AB549 /* Project object */;
			proxyType = 1;
			remoteGlobalIDString = B318BA8425339DA7003AB549;
			remoteInfo = "Apple Pie";
		};
		B318BAA725339DA9003AB549 /* PBXContainerItemProxy */ = {
			isa = PBXContainerItemProxy;
			containerPortal = B318BA7D25339DA7003AB549 /* Project object */;
			proxyType = 1;
			remoteGlobalIDString = B318BA8425339DA7003AB549;
			remoteInfo = "Apple Pie";
		};
/* End PBXContainerItemProxy section */

/* Begin PBXFileReference section */
		B318BA8525339DA7003AB549 /* Apple Pie.app */ = {isa = PBXFileReference; explicitFileType = wrapper.application; includeInIndex = 0; path = "Apple Pie.app"; sourceTree = BUILT_PRODUCTS_DIR; };
		B318BA8825339DA7003AB549 /* AppDelegate.swift */ = {isa = PBXFileReference; lastKnownFileType = sourcecode.swift; path = AppDelegate.swift; sourceTree = "<group>"; };
		B318BA8A25339DA7003AB549 /* SceneDelegate.swift */ = {isa = PBXFileReference; lastKnownFileType = sourcecode.swift; path = SceneDelegate.swift; sourceTree = "<group>"; };
		B318BA8C25339DA7003AB549 /* ViewController.swift */ = {isa = PBXFileReference; lastKnownFileType = sourcecode.swift; path = ViewController.swift; sourceTree = "<group>"; };
		B318BA8F25339DA7003AB549 /* Base */ = {isa = PBXFileReference; lastKnownFileType = file.storyboard; name = Base; path = Base.lproj/Main.storyboard; sourceTree = "<group>"; };
		B318BA9125339DA9003AB549 /* Assets.xcassets */ = {isa = PBXFileReference; lastKnownFileType = folder.assetcatalog; path = Assets.xcassets; sourceTree = "<group>"; };
		B318BA9425339DA9003AB549 /* Base */ = {isa = PBXFileReference; lastKnownFileType = file.storyboard; name = Base; path = Base.lproj/LaunchScreen.storyboard; sourceTree = "<group>"; };
		B318BA9625339DA9003AB549 /* Info.plist */ = {isa = PBXFileReference; lastKnownFileType = text.plist.xml; path = Info.plist; sourceTree = "<group>"; };
		B318BA9B25339DA9003AB549 /* Apple PieTests.xctest */ = {isa = PBXFileReference; explicitFileType = wrapper.cfbundle; includeInIndex = 0; path = "Apple PieTests.xctest"; sourceTree = BUILT_PRODUCTS_DIR; };
		B318BA9F25339DA9003AB549 /* Apple_PieTests.swift */ = {isa = PBXFileReference; lastKnownFileType = sourcecode.swift; path = Apple_PieTests.swift; sourceTree = "<group>"; };
		B318BAA125339DA9003AB549 /* Info.plist */ = {isa = PBXFileReference; lastKnownFileType = text.plist.xml; path = Info.plist; sourceTree = "<group>"; };
		B318BAA625339DA9003AB549 /* Apple PieUITests.xctest */ = {isa = PBXFileReference; explicitFileType = wrapper.cfbundle; includeInIndex = 0; path = "Apple PieUITests.xctest"; sourceTree = BUILT_PRODUCTS_DIR; };
		B318BAAA25339DA9003AB549 /* Apple_PieUITests.swift */ = {isa = PBXFileReference; lastKnownFileType = sourcecode.swift; path = Apple_PieUITests.swift; sourceTree = "<group>"; };
		B318BAAC25339DA9003AB549 /* Info.plist */ = {isa = PBXFileReference; lastKnownFileType = text.plist.xml; path = Info.plist; sourceTree = "<group>"; };
/* End PBXFileReference section */

/* Begin PBXFrameworksBuildPhase section */
		B318BA8225339DA7003AB549 /* Frameworks */ = {
			isa = PBXFrameworksBuildPhase;
			buildActionMask = 2147483647;
			files = (
			);
			runOnlyForDeploymentPostprocessing = 0;
		};
		B318BA9825339DA9003AB549 /* Frameworks */ = {
			isa = PBXFrameworksBuildPhase;
			buildActionMask = 2147483647;
			files = (
			);
			runOnlyForDeploymentPostprocessing = 0;
		};
		B318BAA325339DA9003AB549 /* Frameworks */ = {
			isa = PBXFrameworksBuildPhase;
			buildActionMask = 2147483647;
			files = (
			);
			runOnlyForDeploymentPostprocessing = 0;
		};
/* End PBXFrameworksBuildPhase section */

/* Begin PBXGroup section */
		B318BA7C25339DA7003AB549 = {
			isa = PBXGroup;
			children = (
				B318BA8725339DA7003AB549 /* Apple Pie */,
				B318BA9E25339DA9003AB549 /* Apple PieTests */,
				B318BAA925339DA9003AB549 /* Apple PieUITests */,
				B318BA8625339DA7003AB549 /* Products */,
			);
			sourceTree = "<group>";
		};
		B318BA8625339DA7003AB549 /* Products */ = {
			isa = PBXGroup;
			children = (
				B318BA8525339DA7003AB549 /* Apple Pie.app */,
				B318BA9B25339DA9003AB549 /* Apple PieTests.xctest */,
				B318BAA625339DA9003AB549 /* Apple PieUITests.xctest */,
			);
			name = Products;
			sourceTree = "<group>";
		};
		B318BA8725339DA7003AB549 /* Apple Pie */ = {
			isa = PBXGroup;
			children = (
				B318BA8825339DA7003AB549 /* AppDelegate.swift */,
				B318BA8A25339DA7003AB549 /* SceneDelegate.swift */,
				B318BA8C25339DA7003AB549 /* ViewController.swift */,
				B318BA8E25339DA7003AB549 /* Main.storyboard */,
				B318BA9125339DA9003AB549 /* Assets.xcassets */,
				B318BA9325339DA9003AB549 /* LaunchScreen.storyboard */,
				B318BA9625339DA9003AB549 /* Info.plist */,
			);
			path = "Apple Pie";
			sourceTree = "<group>";
		};
		B318BA9E25339DA9003AB549 /* Apple PieTests */ = {
			isa = PBXGroup;
			children = (
				B318BA9F25339DA9003AB549 /* Apple_PieTests.swift */,
				B318BAA125339DA9003AB549 /* Info.plist */,
			);
			path = "Apple PieTests";
			sourceTree = "<group>";
		};
		B318BAA925339DA9003AB549 /* Apple PieUITests */ = {
			isa = PBXGroup;
			children = (
				B318BAAA25339DA9003AB549 /* Apple_PieUITests.swift */,
				B318BAAC25339DA9003AB549 /* Info.plist */,
			);
			path = "Apple PieUITests";
			sourceTree = "<group>";
		};
/* End PBXGroup section */

/* Begin PBXNativeTarget section */
		B318BA8425339DA7003AB549 /* Apple Pie */ = {
			isa = PBXNativeTarget;
			buildConfigurationList = B318BAAF25339DA9003AB549 /* Build configuration list for PBXNativeTarget "Apple Pie" */;
			buildPhases = (
				B318BA8125339DA7003AB549 /* Sources */,
				B318BA8225339DA7003AB549 /* Frameworks */,
				B318BA8325339DA7003AB549 /* Resources */,
			);
			buildRules = (
			);
			dependencies = (
			);
			name = "Apple Pie";
			productName = "Apple Pie";
			productReference = B318BA8525339DA7003AB549 /* Apple Pie.app */;
			productType = "com.apple.product-type.application";
		};
		B318BA9A25339DA9003AB549 /* Apple PieTests */ = {
			isa = PBXNativeTarget;
			buildConfigurationList = B318BAB225339DA9003AB549 /* Build configuration list for PBXNativeTarget "Apple PieTests" */;
			buildPhases = (
				B318BA9725339DA9003AB549 /* Sources */,
				B318BA9825339DA9003AB549 /* Frameworks */,
				B318BA9925339DA9003AB549 /* Resources */,
			);
			buildRules = (
			);
			dependencies = (
				B318BA9D25339DA9003AB549 /* PBXTargetDependency */,
			);
			name = "Apple PieTests";
			productName = "Apple PieTests";
			productReference = B318BA9B25339DA9003AB549 /* Apple PieTests.xctest */;
			productType = "com.apple.product-type.bundle.unit-test";
		};
		B318BAA525339DA9003AB549 /* Apple PieUITests */ = {
			isa = PBXNativeTarget;
			buildConfigurationList = B318BAB525339DA9003AB549 /* Build configuration list for PBXNativeTarget "Apple PieUITests" */;
			buildPhases = (
				B318BAA225339DA9003AB549 /* Sources */,
				B318BAA325339DA9003AB549 /* Frameworks */,
				B318BAA425339DA9003AB549 /* Resources */,
			);
			buildRules = (
			);
			dependencies = (
				B318BAA825339DA9003AB549 /* PBXTargetDependency */,
			);
			name = "Apple PieUITests";
			productName = "Apple PieUITests";
			productReference = B318BAA625339DA9003AB549 /* Apple PieUITests.xctest */;
			productType = "com.apple.product-type.bundle.ui-testing";
		};
/* End PBXNativeTarget section */

/* Begin PBXProject section */
		B318BA7D25339DA7003AB549 /* Project object */ = {
			isa = PBXProject;
			attributes = {
				LastSwiftUpdateCheck = 1200;
				LastUpgradeCheck = 1200;
				TargetAttributes = {
					B318BA8425339DA7003AB549 = {
						CreatedOnToolsVersion = 12.0.1;
					};
					B318BA9A25339DA9003AB549 = {
						CreatedOnToolsVersion = 12.0.1;
						TestTargetID = B318BA8425339DA7003AB549;
					};
					B318BAA525339DA9003AB549 = {
						CreatedOnToolsVersion = 12.0.1;
						TestTargetID = B318BA8425339DA7003AB549;
					};
				};
			};
			buildConfigurationList = B318BA8025339DA7003AB549 /* Build configuration list for PBXProject "Apple Pie" */;
			compatibilityVersion = "Xcode 9.3";
			developmentRegion = en;
			hasScannedForEncodings = 0;
			knownRegions = (
				en,
				Base,
			);
			mainGroup = B318BA7C25339DA7003AB549;
			productRefGroup = B318BA8625339DA7003AB549 /* Products */;
			projectDirPath = "";
			projectRoot = "";
			targets = (
				B318BA8425339DA7003AB549 /* Apple Pie */,
				B318BA9A25339DA9003AB549 /* Apple PieTests */,
				B318BAA525339DA9003AB549 /* Apple PieUITests */,
			);
		};
/* End PBXProject section */

/* Begin PBXResourcesBuildPhase section */
		B318BA8325339DA7003AB549 /* Resources */ = {
			isa = PBXResourcesBuildPhase;
			buildActionMask = 2147483647;
			files = (
				B318BA9525339DA9003AB549 /* LaunchScreen.storyboard in Resources */,
				B318BA9225339DA9003AB549 /* Assets.xcassets in Resources */,
				B318BA9025339DA7003AB549 /* Main.storyboard in Resources */,
			);
			runOnlyForDeploymentPostprocessing = 0;
		};
		B318BA9925339DA9003AB549 /* Resources */ = {
			isa = PBXResourcesBuildPhase;
			buildActionMask = 2147483647;
			files = (
			);
			runOnlyForDeploymentPostprocessing = 0;
		};
		B318BAA425339DA9003AB549 /* Resources */ = {
			isa = PBXResourcesBuildPhase;
			buildActionMask = 2147483647;
			files = (
			);
			runOnlyForDeploymentPostprocessing = 0;
		};
/* End PBXResourcesBuildPhase section */

/* Begin PBXSourcesBuildPhase section */
		B318BA8125339DA7003AB549 /* Sources */ = {
			isa = PBXSourcesBuildPhase;
			buildActionMask = 2147483647;
			files = (
				B318BA8D25339DA7003AB549 /* ViewController.swift in Sources */,
				B318BA8925339DA7003AB549 /* AppDelegate.swift in Sources */,
				B318BA8B25339DA7003AB549 /* SceneDelegate.swift in Sources */,
			);
			runOnlyForDeploymentPostprocessing = 0;
		};
		B318BA9725339DA9003AB549 /* Sources */ = {
			isa = PBXSourcesBuildPhase;
			buildActionMask = 2147483647;
			files = (
				B318BAA025339DA9003AB549 /* Apple_PieTests.swift in Sources */,
			);
			runOnlyForDeploymentPostprocessing = 0;
		};
		B318BAA225339DA9003AB549 /* Sources */ = {
			isa = PBXSourcesBuildPhase;
			buildActionMask = 2147483647;
			files = (
				B318BAAB25339DA9003AB549 /* Apple_PieUITests.swift in Sources */,
			);
			runOnlyForDeploymentPostprocessing = 0;
		};
/* End PBXSourcesBuildPhase section */

/* Begin PBXTargetDependency section */
		B318BA9D25339DA9003AB549 /* PBXTargetDependency */ = {
			isa = PBXTargetDependency;
			target = B318BA8425339DA7003AB549 /* Apple Pie */;
			targetProxy = B318BA9C25339DA9003AB549 /* PBXContainerItemProxy */;
		};
		B318BAA825339DA9003AB549 /* PBXTargetDependency */ = {
			isa = PBXTargetDependency;
			target = B318BA8425339DA7003AB549 /* Apple Pie */;
			targetProxy = B318BAA725339DA9003AB549 /* PBXContainerItemProxy */;
		};
/* End PBXTargetDependency section */

/* Begin PBXVariantGroup section */
		B318BA8E25339DA7003AB549 /* Main.storyboard */ = {
			isa = PBXVariantGroup;
			children = (
				B318BA8F25339DA7003AB549 /* Base */,
			);
			name = Main.storyboard;
			sourceTree = "<group>";
		};
		B318BA9325339DA9003AB549 /* LaunchScreen.storyboard */ = {
			isa = PBXVariantGroup;
			children = (
				B318BA9425339DA9003AB549 /* Base */,
			);
			name = LaunchScreen.storyboard;
			sourceTree = "<group>";
		};
/* End PBXVariantGroup section */

/* Begin XCBuildConfiguration section */
		B318BAAD25339DA9003AB549 /* Debug */ = {
			isa = XCBuildConfiguration;
			buildSettings = {
				ALWAYS_SEARCH_USER_PATHS = NO;
				CLANG_ANALYZER_NONNULL = YES;
				CLANG_ANALYZER_NUMBER_OBJECT_CONVERSION = YES_AGGRESSIVE;
				CLANG_CXX_LANGUAGE_STANDARD = "gnu++14";
				CLANG_CXX_LIBRARY = "libc++";
				CLANG_ENABLE_MODULES = YES;
				CLANG_ENABLE_OBJC_ARC = YES;
				CLANG_ENABLE_OBJC_WEAK = YES;
				CLANG_WARN_BLOCK_CAPTURE_AUTORELEASING = YES;
				CLANG_WARN_BOOL_CONVERSION = YES;
				CLANG_WARN_COMMA = YES;
				CLANG_WARN_CONSTANT_CONVERSION = YES;
				CLANG_WARN_DEPRECATED_OBJC_IMPLEMENTATIONS = YES;
				CLANG_WARN_DIRECT_OBJC_ISA_USAGE = YES_ERROR;
				CLANG_WARN_DOCUMENTATION_COMMENTS = YES;
				CLANG_WARN_EMPTY_BODY = YES;
				CLANG_WARN_ENUM_CONVERSION = YES;
				CLANG_WARN_INFINITE_RECURSION = YES;
				CLANG_WARN_INT_CONVERSION = YES;
				CLANG_WARN_NON_LITERAL_NULL_CONVERSION = YES;
				CLANG_WARN_OBJC_IMPLICIT_RETAIN_SELF = YES;
				CLANG_WARN_OBJC_LITERAL_CONVERSION = YES;
				CLANG_WARN_OBJC_ROOT_CLASS = YES_ERROR;
				CLANG_WARN_QUOTED_INCLUDE_IN_FRAMEWORK_HEADER = YES;
				CLANG_WARN_RANGE_LOOP_ANALYSIS = YES;
				CLANG_WARN_STRICT_PROTOTYPES = YES;
				CLANG_WARN_SUSPICIOUS_MOVE = YES;
				CLANG_WARN_UNGUARDED_AVAILABILITY = YES_AGGRESSIVE;
				CLANG_WARN_UNREACHABLE_CODE = YES;
				CLANG_WARN__DUPLICATE_METHOD_MATCH = YES;
				COPY_PHASE_STRIP = NO;
				DEBUG_INFORMATION_FORMAT = dwarf;
				ENABLE_STRICT_OBJC_MSGSEND = YES;
				ENABLE_TESTABILITY = YES;
				GCC_C_LANGUAGE_STANDARD = gnu11;
				GCC_DYNAMIC_NO_PIC = NO;
				GCC_NO_COMMON_BLOCKS = YES;
				GCC_OPTIMIZATION_LEVEL = 0;
				GCC_PREPROCESSOR_DEFINITIONS = (
					"DEBUG=1",
					"$(inherited)",
				);
				GCC_WARN_64_TO_32_BIT_CONVERSION = YES;
				GCC_WARN_ABOUT_RETURN_TYPE = YES_ERROR;
				GCC_WARN_UNDECLARED_SELECTOR = YES;
				GCC_WARN_UNINITIALIZED_AUTOS = YES_AGGRESSIVE;
				GCC_WARN_UNUSED_FUNCTION = YES;
				GCC_WARN_UNUSED_VARIABLE = YES;
				IPHONEOS_DEPLOYMENT_TARGET = 14.0;
				MTL_ENABLE_DEBUG_INFO = INCLUDE_SOURCE;
				MTL_FAST_MATH = YES;
				ONLY_ACTIVE_ARCH = YES;
				SDKROOT = iphoneos;
				SWIFT_ACTIVE_COMPILATION_CONDITIONS = DEBUG;
				SWIFT_OPTIMIZATION_LEVEL = "-Onone";
			};
			name = Debug;
		};
		B318BAAE25339DA9003AB549 /* Release */ = {
			isa = XCBuildConfiguration;
			buildSettings = {
				ALWAYS_SEARCH_USER_PATHS = NO;
				CLANG_ANALYZER_NONNULL = YES;
				CLANG_ANALYZER_NUMBER_OBJECT_CONVERSION = YES_AGGRESSIVE;
				CLANG_CXX_LANGUAGE_STANDARD = "gnu++14";
				CLANG_CXX_LIBRARY = "libc++";
				CLANG_ENABLE_MODULES = YES;
				CLANG_ENABLE_OBJC_ARC = YES;
				CLANG_ENABLE_OBJC_WEAK = YES;
				CLANG_WARN_BLOCK_CAPTURE_AUTORELEASING = YES;
				CLANG_WARN_BOOL_CONVERSION = YES;
				CLANG_WARN_COMMA = YES;
				CLANG_WARN_CONSTANT_CONVERSION = YES;
				CLANG_WARN_DEPRECATED_OBJC_IMPLEMENTATIONS = YES;
				CLANG_WARN_DIRECT_OBJC_ISA_USAGE = YES_ERROR;
				CLANG_WARN_DOCUMENTATION_COMMENTS = YES;
				CLANG_WARN_EMPTY_BODY = YES;
				CLANG_WARN_ENUM_CONVERSION = YES;
				CLANG_WARN_INFINITE_RECURSION = YES;
				CLANG_WARN_INT_CONVERSION = YES;
				CLANG_WARN_NON_LITERAL_NULL_CONVERSION = YES;
				CLANG_WARN_OBJC_IMPLICIT_RETAIN_SELF = YES;
				CLANG_WARN_OBJC_LITERAL_CONVERSION = YES;
				CLANG_WARN_OBJC_ROOT_CLASS = YES_ERROR;
				CLANG_WARN_QUOTED_INCLUDE_IN_FRAMEWORK_HEADER = YES;
				CLANG_WARN_RANGE_LOOP_ANALYSIS = YES;
				CLANG_WARN_STRICT_PROTOTYPES = YES;
				CLANG_WARN_SUSPICIOUS_MOVE = YES;
				CLANG_WARN_UNGUARDED_AVAILABILITY = YES_AGGRESSIVE;
				CLANG_WARN_UNREACHABLE_CODE = YES;
				CLANG_WARN__DUPLICATE_METHOD_MATCH = YES;
				COPY_PHASE_STRIP = NO;
				DEBUG_INFORMATION_FORMAT = "dwarf-with-dsym";
				ENABLE_NS_ASSERTIONS = NO;
				ENABLE_STRICT_OBJC_MSGSEND = YES;
				GCC_C_LANGUAGE_STANDARD = gnu11;
				GCC_NO_COMMON_BLOCKS = YES;
				GCC_WARN_64_TO_32_BIT_CONVERSION = YES;
				GCC_WARN_ABOUT_RETURN_TYPE = YES_ERROR;
				GCC_WARN_UNDECLARED_SELECTOR = YES;
				GCC_WARN_UNINITIALIZED_AUTOS = YES_AGGRESSIVE;
				GCC_WARN_UNUSED_FUNCTION = YES;
				GCC_WARN_UNUSED_VARIABLE = YES;
				IPHONEOS_DEPLOYMENT_TARGET = 14.0;
				MTL_ENABLE_DEBUG_INFO = NO;
				MTL_FAST_MATH = YES;
				SDKROOT = iphoneos;
				SWIFT_COMPILATION_MODE = wholemodule;
				SWIFT_OPTIMIZATION_LEVEL = "-O";
				VALIDATE_PRODUCT = YES;
			};
			name = Release;
		};
		B318BAB025339DA9003AB549 /* Debug */ = {
			isa = XCBuildConfiguration;
			buildSettings = {
				ASSETCATALOG_COMPILER_APPICON_NAME = AppIcon;
				ASSETCATALOG_COMPILER_GLOBAL_ACCENT_COLOR_NAME = AccentColor;
				CODE_SIGN_STYLE = Automatic;
				DEVELOPMENT_TEAM = 3253X537XL;
				INFOPLIST_FILE = "Apple Pie/Info.plist";
				LD_RUNPATH_SEARCH_PATHS = (
					"$(inherited)",
					"@executable_path/Frameworks",
				);
				PRODUCT_BUNDLE_IDENTIFIER = "io.outrigger.Apple-Pie";
				PRODUCT_NAME = "$(TARGET_NAME)";
				SWIFT_VERSION = 5.0;
				TARGETED_DEVICE_FAMILY = "1,2";
			};
			name = Debug;
		};
		B318BAB125339DA9003AB549 /* Release */ = {
			isa = XCBuildConfiguration;
			buildSettings = {
				ASSETCATALOG_COMPILER_APPICON_NAME = AppIcon;
				ASSETCATALOG_COMPILER_GLOBAL_ACCENT_COLOR_NAME = AccentColor;
				CODE_SIGN_STYLE = Automatic;
				DEVELOPMENT_TEAM = 3253X537XL;
				INFOPLIST_FILE = "Apple Pie/Info.plist";
				LD_RUNPATH_SEARCH_PATHS = (
					"$(inherited)",
					"@executable_path/Frameworks",
				);
				PRODUCT_BUNDLE_IDENTIFIER = "io.outrigger.Apple-Pie";
				PRODUCT_NAME = "$(TARGET_NAME)";
				SWIFT_VERSION = 5.0;
				TARGETED_DEVICE_FAMILY = "1,2";
			};
			name = Release;
		};
		B318BAB325339DA9003AB549 /* Debug */ = {
			isa = XCBuildConfiguration;
			buildSettings = {
				ALWAYS_EMBED_SWIFT_STANDARD_LIBRARIES = YES;
				BUNDLE_LOADER = "$(TEST_HOST)";
				CODE_SIGN_STYLE = Automatic;
				DEVELOPMENT_TEAM = 3253X537XL;
				INFOPLIST_FILE = "Apple PieTests/Info.plist";
				IPHONEOS_DEPLOYMENT_TARGET = 14.0;
				LD_RUNPATH_SEARCH_PATHS = (
					"$(inherited)",
					"@executable_path/Frameworks",
					"@loader_path/Frameworks",
				);
				PRODUCT_BUNDLE_IDENTIFIER = "io.outrigger.Apple-PieTests";
				PRODUCT_NAME = "$(TARGET_NAME)";
				SWIFT_VERSION = 5.0;
				TARGETED_DEVICE_FAMILY = "1,2";
				TEST_HOST = "$(BUILT_PRODUCTS_DIR)/Apple Pie.app/Apple Pie";
			};
			name = Debug;
		};
		B318BAB425339DA9003AB549 /* Release */ = {
			isa = XCBuildConfiguration;
			buildSettings = {
				ALWAYS_EMBED_SWIFT_STANDARD_LIBRARIES = YES;
				BUNDLE_LOADER = "$(TEST_HOST)";
				CODE_SIGN_STYLE = Automatic;
				DEVELOPMENT_TEAM = 3253X537XL;
				INFOPLIST_FILE = "Apple PieTests/Info.plist";
				IPHONEOS_DEPLOYMENT_TARGET = 14.0;
				LD_RUNPATH_SEARCH_PATHS = (
					"$(inherited)",
					"@executable_path/Frameworks",
					"@loader_path/Frameworks",
				);
				PRODUCT_BUNDLE_IDENTIFIER = "io.outrigger.Apple-PieTests";
				PRODUCT_NAME = "$(TARGET_NAME)";
				SWIFT_VERSION = 5.0;
				TARGETED_DEVICE_FAMILY = "1,2";
				TEST_HOST = "$(BUILT_PRODUCTS_DIR)/Apple Pie.app/Apple Pie";
			};
			name = Release;
		};
		B318BAB625339DA9003AB549 /* Debug */ = {
			isa = XCBuildConfiguration;
			buildSettings = {
				ALWAYS_EMBED_SWIFT_STANDARD_LIBRARIES = YES;
				CODE_SIGN_STYLE = Automatic;
				DEVELOPMENT_TEAM = 3253X537XL;
				INFOPLIST_FILE = "Apple PieUITests/Info.plist";
				LD_RUNPATH_SEARCH_PATHS = (
					"$(inherited)",
					"@executable_path/Frameworks",
					"@loader_path/Frameworks",
				);
				PRODUCT_BUNDLE_IDENTIFIER = "io.outrigger.Apple-PieUITests";
				PRODUCT_NAME = "$(TARGET_NAME)";
				SWIFT_VERSION = 5.0;
				TARGETED_DEVICE_FAMILY = "1,2";
				TEST_TARGET_NAME = "Apple Pie";
			};
			name = Debug;
		};
		B318BAB725339DA9003AB549 /* Release */ = {
			isa = XCBuildConfiguration;
			buildSettings = {
				ALWAYS_EMBED_SWIFT_STANDARD_LIBRARIES = YES;
				CODE_SIGN_STYLE = Automatic;
				DEVELOPMENT_TEAM = 3253X537XL;
				INFOPLIST_FILE = "Apple PieUITests/Info.plist";
				LD_RUNPATH_SEARCH_PATHS = (
					"$(inherited)",
					"@executable_path/Frameworks",
					"@loader_path/Frameworks",
				);
				PRODUCT_BUNDLE_IDENTIFIER = "io.outrigger.Apple-PieUITests";
				PRODUCT_NAME = "$(TARGET_NAME)";
				SWIFT_VERSION = 5.0;
				TARGETED_DEVICE_FAMILY = "1,2";
				TEST_TARGET_NAME = "Apple Pie";
			};
			name = Release;
		};
/* End XCBuildConfiguration section */

/* Begin XCConfigurationList section */
		B318BA8025339DA7003AB549 /* Build configuration list for PBXProject "Apple Pie" */ = {
			isa = XCConfigurationList;
			buildConfigurations = (
				B318BAAD25339DA9003AB549 /* Debug */,
				B318BAAE25339DA9003AB549 /* Release */,
			);
			defaultConfigurationIsVisible = 0;
			defaultConfigurationName = Release;
		};
		B318BAAF25339DA9003AB549 /* Build configuration list for PBXNativeTarget "Apple Pie" */ = {
			isa = XCConfigurationList;
			buildConfigurations = (
				B318BAB025339DA9003AB549 /* Debug */,
				B318BAB125339DA9003AB549 /* Release */,
			);
			defaultConfigurationIsVisible = 0;
			defaultConfigurationName = Release;
		};
		B318BAB225339DA9003AB549 /* Build configuration list for PBXNativeTarget "Apple PieTests" */ = {
			isa = XCConfigurationList;
			buildConfigurations = (
				B318BAB325339DA9003AB549 /* Debug */,
				B318BAB425339DA9003AB549 /* Release */,
			);
			defaultConfigurationIsVisible = 0;
			defaultConfigurationName = Release;
		};
		B318BAB525339DA9003AB549 /* Build configuration list for PBXNativeTarget "Apple PieUITests" */ = {
			isa = XCConfigurationList;
			buildConfigurations = (
				B318BAB625339DA9003AB549 /* Debug */,
				B318BAB725339DA9003AB549 /* Release */,
			);
			defaultConfigurationIsVisible = 0;
			defaultConfigurationName = Release;
		};
/* End XCConfigurationList section */
	};
	rootObject = B318BA7D25339DA7003AB549 /* Project object */;
}
